
Microsoft Visual Studio Solution File, Format Version 12.00
# Visual Studio Version 17
VisualStudioVersion = 17.14.36429.23
MinimumVisualStudioVersion = 10.0.40219.1
Project("{FAE04EC0-301F-11D3-BF4B-00C04F79EFBC}") = "Snekken", "Snekken\Snekken.csproj", "{6578E0FB-4E78-4FF8-8966-EF91E03331DD}"
EndProject
Project("{FAE04EC0-301F-11D3-BF4B-00C04F79EFBC}") = "DatabaseConsole", "DatabaseConsole\DatabaseConsole.csproj", "{CC08EB89-FA29-412C-A318-5913D0B17C79}"
EndProject
Project("{FAE04EC0-301F-11D3-BF4B-00C04F79EFBC}") = "Models", "Models\Models.csproj", "{AD00E6EB-71AB-4397-9072-1C3487139380}"
EndProject
Project("{FAE04EC0-301F-11D3-BF4B-00C04F79EFBC}") = "UnitTest", "UnitTest\UnitTest.csproj", "{9D33C406-6D40-439B-A85E-9548AD655757}"
EndProject
Project("{2150E333-8FDC-42A3-9474-1A3956D46DE8}") = "Solution Items", "Solution Items", "{8EC462FD-D22E-90A8-E5CE-7E832BA40C5D}"
	ProjectSection(SolutionItems) = preProject
		.gitignore.txt = .gitignore.txt
		SDUC1.mmd = SDUC1.mmd
	EndProjectSection
EndProject
Project("{FAE04EC0-301F-11D3-BF4B-00C04F79EFBC}") = "RentalKiosk", "RentalKiosk\RentalKiosk.csproj", "{E55215C9-74CC-4843-8921-F1C2438CF5C7}"
EndProject
Project("{2150E333-8FDC-42A3-9474-1A3956D46DE8}") = "Documentation", "Documentation", "{02EA681E-C7D8-13C7-8484-4AC65E1B71E8}"
	ProjectSection(SolutionItems) = preProject
		DomainModel.mmd = DomainModel.mmd
	EndProjectSection
EndProject
Project("{2150E333-8FDC-42A3-9474-1A3956D46DE8}") = "SD", "SD", "{D3E6CD39-67A3-4D4F-8D61-9BA1402F1F98}"
	ProjectSection(SolutionItems) = preProject
		SDUC1.mmd = SDUC1.mmd
		SDUC2.mmd = SDUC2.mmd
		SDUC2new.mmd = SDUC2new.mmd
		SDUC3.mmd = SDUC3.mmd
	EndProjectSection
EndProject
Project("{FAE04EC0-301F-11D3-BF4B-00C04F79EFBC}") = "WPFLib", "WPFLib\WPFLib.csproj", "{39309AB5-916D-DDDC-4F66-0279BD379FA8}"
EndProject
Project("{2150E333-8FDC-42A3-9474-1A3956D46DE8}") = "SSD", "SSD", "{F3D341BD-F23B-4599-9447-7D9E529325E2}"
	ProjectSection(SolutionItems) = preProject
		SSDUC1.mmd = SSDUC1.mmd
		SSDUC2.mmd = SSDUC2.mmd
		SSDUC3.mmd = SSDUC3.mmd
	EndProjectSection
EndProject
Global
	GlobalSection(SolutionConfigurationPlatforms) = preSolution
		Debug|Any CPU = Debug|Any CPU
		Release|Any CPU = Release|Any CPU
	EndGlobalSection
	GlobalSection(ProjectConfigurationPlatforms) = postSolution
		{6578E0FB-4E78-4FF8-8966-EF91E03331DD}.Debug|Any CPU.ActiveCfg = Debug|Any CPU
		{6578E0FB-4E78-4FF8-8966-EF91E03331DD}.Debug|Any CPU.Build.0 = Debug|Any CPU
		{6578E0FB-4E78-4FF8-8966-EF91E03331DD}.Release|Any CPU.ActiveCfg = Release|Any CPU
		{6578E0FB-4E78-4FF8-8966-EF91E03331DD}.Release|Any CPU.Build.0 = Release|Any CPU
		{CC08EB89-FA29-412C-A318-5913D0B17C79}.Debug|Any CPU.ActiveCfg = Debug|Any CPU
		{CC08EB89-FA29-412C-A318-5913D0B17C79}.Debug|Any CPU.Build.0 = Debug|Any CPU
		{CC08EB89-FA29-412C-A318-5913D0B17C79}.Release|Any CPU.ActiveCfg = Release|Any CPU
		{CC08EB89-FA29-412C-A318-5913D0B17C79}.Release|Any CPU.Build.0 = Release|Any CPU
		{AD00E6EB-71AB-4397-9072-1C3487139380}.Debug|Any CPU.ActiveCfg = Debug|Any CPU
		{AD00E6EB-71AB-4397-9072-1C3487139380}.Debug|Any CPU.Build.0 = Debug|Any CPU
		{AD00E6EB-71AB-4397-9072-1C3487139380}.Release|Any CPU.ActiveCfg = Release|Any CPU
		{AD00E6EB-71AB-4397-9072-1C3487139380}.Release|Any CPU.Build.0 = Release|Any CPU
		{9D33C406-6D40-439B-A85E-9548AD655757}.Debug|Any CPU.ActiveCfg = Debug|Any CPU
		{9D33C406-6D40-439B-A85E-9548AD655757}.Debug|Any CPU.Build.0 = Debug|Any CPU
		{9D33C406-6D40-439B-A85E-9548AD655757}.Release|Any CPU.ActiveCfg = Release|Any CPU
		{9D33C406-6D40-439B-A85E-9548AD655757}.Release|Any CPU.Build.0 = Release|Any CPU
		{E55215C9-74CC-4843-8921-F1C2438CF5C7}.Debug|Any CPU.ActiveCfg = Debug|Any CPU
		{E55215C9-74CC-4843-8921-F1C2438CF5C7}.Debug|Any CPU.Build.0 = Debug|Any CPU
		{E55215C9-74CC-4843-8921-F1C2438CF5C7}.Release|Any CPU.ActiveCfg = Release|Any CPU
		{E55215C9-74CC-4843-8921-F1C2438CF5C7}.Release|Any CPU.Build.0 = Release|Any CPU
		{39309AB5-916D-DDDC-4F66-0279BD379FA8}.Debug|Any CPU.ActiveCfg = Debug|Any CPU
		{39309AB5-916D-DDDC-4F66-0279BD379FA8}.Debug|Any CPU.Build.0 = Debug|Any CPU
		{39309AB5-916D-DDDC-4F66-0279BD379FA8}.Release|Any CPU.ActiveCfg = Release|Any CPU
		{39309AB5-916D-DDDC-4F66-0279BD379FA8}.Release|Any CPU.Build.0 = Release|Any CPU
	EndGlobalSection
	GlobalSection(SolutionProperties) = preSolution
		HideSolutionNode = FALSE
	EndGlobalSection
	GlobalSection(NestedProjects) = preSolution
		{02EA681E-C7D8-13C7-8484-4AC65E1B71E8} = {8EC462FD-D22E-90A8-E5CE-7E832BA40C5D}
		{D3E6CD39-67A3-4D4F-8D61-9BA1402F1F98} = {02EA681E-C7D8-13C7-8484-4AC65E1B71E8}
		{F3D341BD-F23B-4599-9447-7D9E529325E2} = {02EA681E-C7D8-13C7-8484-4AC65E1B71E8}
	EndGlobalSection
	GlobalSection(ExtensibilityGlobals) = postSolution
		SolutionGuid = {C678A464-97F4-4E19-8BA5-8056381FF156}
	EndGlobalSection
EndGlobal
